{
  "name": "social-inference",
  "lockfileVersion": 2,
  "requires": true,
  "packages": {
    "": {
      "dependencies": {
        "webgpu": "^0.2.11"
      }
    },
    "node_modules/@webgpu/types": {
      "version": "0.1.54",
      "resolved": "https://registry.npmjs.org/@webgpu/types/-/types-0.1.54.tgz",
      "integrity": "sha512-81oaalC8LFrXjhsczomEQ0u3jG+TqE6V9QHLA8GNZq/Rnot0KDugu3LhSYSlie8tSdooAN1Hov05asrUUp9qgg=="
    },
    "node_modules/webgpu": {
      "version": "0.2.11",
      "resolved": "https://registry.npmjs.org/webgpu/-/webgpu-0.2.11.tgz",
      "integrity": "sha512-eF6pVzdtqmIhREDNkZWMzktHoeS9jIa649wrNvc9/ZDsqC8WBuTpS8af1UoLbQzyvCn34IsHPqMCxG2uTe7lOg==",
      "dependencies": {
        "@webgpu/types": "^0.1.54"
      }
    }
  },
  "dependencies": {
    "@webgpu/types": {
      "version": "0.1.54",
      "resolved": "https://registry.npmjs.org/@webgpu/types/-/types-0.1.54.tgz",
      "integrity": "sha512-81oaalC8LFrXjhsczomEQ0u3jG+TqE6V9QHLA8GNZq/Rnot0KDugu3LhSYSlie8tSdooAN1Hov05asrUUp9qgg=="
    },
    "webgpu": {
      "version": "0.2.11",
      "resolved": "https://registry.npmjs.org/webgpu/-/webgpu-0.2.11.tgz",
      "integrity": "sha512-eF6pVzdtqmIhREDNkZWMzktHoeS9jIa649wrNvc9/ZDsqC8WBuTpS8af1UoLbQzyvCn34IsHPqMCxG2uTe7lOg==",
      "requires": {
        "@webgpu/types": "^0.1.54"
      }
    }
  }
}
